// !$*UTF8*$!
{
	archiveVersion = 1;
	classes = {
	};
	objectVersion = 55;
	objects = {

/* Begin PBXBuildFile section */
		C2072D96274755D5000F7802 /* GitDataRealm.swift in Sources */ = {isa = PBXBuildFile; fileRef = C2072D95274755D5000F7802 /* GitDataRealm.swift */; };
		C219D7BD27345CF70040D713 /* DetailFavoritesViewController.swift in Sources */ = {isa = PBXBuildFile; fileRef = C219D7BC27345CF70040D713 /* DetailFavoritesViewController.swift */; };
		C2268DEE274BC717009D0051 /* RealmProvider.swift in Sources */ = {isa = PBXBuildFile; fileRef = C2268DED274BC717009D0051 /* RealmProvider.swift */; };
		C24B96EF2735468E0051B64F /* DetailTableViewCell.swift in Sources */ = {isa = PBXBuildFile; fileRef = C24B96ED2735468E0051B64F /* DetailTableViewCell.swift */; };
		C24B96F02735468E0051B64F /* DetailTableViewCell.xib in Resources */ = {isa = PBXBuildFile; fileRef = C24B96EE2735468E0051B64F /* DetailTableViewCell.xib */; };
		C254019727464351001B6F80 /* AuthViewController.swift in Sources */ = {isa = PBXBuildFile; fileRef = C254019627464351001B6F80 /* AuthViewController.swift */; };
		C254019927465658001B6F80 /* GoogleService-Info.plist in Resources */ = {isa = PBXBuildFile; fileRef = C254019827465658001B6F80 /* GoogleService-Info.plist */; };
		C25C15FB2743CC4300DDD0CA /* FavoritesViewModel.swift in Sources */ = {isa = PBXBuildFile; fileRef = C25C15FA2743CC4300DDD0CA /* FavoritesViewModel.swift */; };
		C25F021627317EC2002B7635 /* AppDelegate.swift in Sources */ = {isa = PBXBuildFile; fileRef = C25F021527317EC2002B7635 /* AppDelegate.swift */; };
		C25F021A27317EC2002B7635 /* ViewController.swift in Sources */ = {isa = PBXBuildFile; fileRef = C25F021927317EC2002B7635 /* ViewController.swift */; };
		C25F021D27317EC2002B7635 /* Main.storyboard in Resources */ = {isa = PBXBuildFile; fileRef = C25F021B27317EC2002B7635 /* Main.storyboard */; };
		C25F021F27317EC3002B7635 /* Assets.xcassets in Resources */ = {isa = PBXBuildFile; fileRef = C25F021E27317EC3002B7635 /* Assets.xcassets */; };
		C25F022227317EC3002B7635 /* LaunchScreen.storyboard in Resources */ = {isa = PBXBuildFile; fileRef = C25F022027317EC3002B7635 /* LaunchScreen.storyboard */; };
		C25F022F2731865D002B7635 /* TableViewCell.swift in Sources */ = {isa = PBXBuildFile; fileRef = C25F022D2731865D002B7635 /* TableViewCell.swift */; };
		C25F02302731865D002B7635 /* TableViewCell.xib in Resources */ = {isa = PBXBuildFile; fileRef = C25F022E2731865D002B7635 /* TableViewCell.xib */; };
		C27EFA032735A694001156D2 /* DetailFavoritesTableViewCell.swift in Sources */ = {isa = PBXBuildFile; fileRef = C27EFA012735A694001156D2 /* DetailFavoritesTableViewCell.swift */; };
		C27EFA042735A694001156D2 /* DetailFavoritesTableViewCell.xib in Resources */ = {isa = PBXBuildFile; fileRef = C27EFA022735A694001156D2 /* DetailFavoritesTableViewCell.xib */; };
		C2870A8627341E50006693CE /* DetailViewController.swift in Sources */ = {isa = PBXBuildFile; fileRef = C2870A8527341E50006693CE /* DetailViewController.swift */; };
		C29CC8D3274BFE6300C77ED0 /* LottieViewController.swift in Sources */ = {isa = PBXBuildFile; fileRef = C29CC8D2274BFE6200C77ED0 /* LottieViewController.swift */; };
		C2AE2AD4273AC2770056971B /* ViewModel.swift in Sources */ = {isa = PBXBuildFile; fileRef = C2AE2AD3273AC2770056971B /* ViewModel.swift */; };
		C2AE2AD8273AC2E40056971B /* NetworkService.swift in Sources */ = {isa = PBXBuildFile; fileRef = C2AE2AD7273AC2E40056971B /* NetworkService.swift */; };
		C2B2594D274D121F0027F388 /* gitlogo.json in Resources */ = {isa = PBXBuildFile; fileRef = C2B2594C274D121F0027F388 /* gitlogo.json */; };
		C2C293EA2740C3960032169F /* CommitData.swift in Sources */ = {isa = PBXBuildFile; fileRef = C2C293E92740C3960032169F /* CommitData.swift */; };
		C2C293EE2740C45F0032169F /* GitData.swift in Sources */ = {isa = PBXBuildFile; fileRef = C2C293ED2740C45F0032169F /* GitData.swift */; };
		C2E404FF2732CF37006C2DD2 /* TabBarViewController.swift in Sources */ = {isa = PBXBuildFile; fileRef = C2E404FE2732CF37006C2DD2 /* TabBarViewController.swift */; };
		C2FAC0FD273284D400504FE4 /* FavoritesViewController.swift in Sources */ = {isa = PBXBuildFile; fileRef = C2FAC0FC273284D400504FE4 /* FavoritesViewController.swift */; };
		C2FAC1002732857D00504FE4 /* FavoritesTableViewCell.swift in Sources */ = {isa = PBXBuildFile; fileRef = C2FAC0FE2732857D00504FE4 /* FavoritesTableViewCell.swift */; };
		C2FAC1012732857D00504FE4 /* FavoritesTableViewCell.xib in Resources */ = {isa = PBXBuildFile; fileRef = C2FAC0FF2732857D00504FE4 /* FavoritesTableViewCell.xib */; };
		EC138219E7205500F3540852 /* Pods_Git_client.framework in Frameworks */ = {isa = PBXBuildFile; fileRef = 04176C7A2A41261A0C0A22B2 /* Pods_Git_client.framework */; };
/* End PBXBuildFile section */

/* Begin PBXFileReference section */
		00F43DC50DCE0BE2EA991BBB /* Pods-Git client.debug.xcconfig */ = {isa = PBXFileReference; includeInIndex = 1; lastKnownFileType = text.xcconfig; name = "Pods-Git client.debug.xcconfig"; path = "Target Support Files/Pods-Git client/Pods-Git client.debug.xcconfig"; sourceTree = "<group>"; };
		04176C7A2A41261A0C0A22B2 /* Pods_Git_client.framework */ = {isa = PBXFileReference; explicitFileType = wrapper.framework; includeInIndex = 0; path = Pods_Git_client.framework; sourceTree = BUILT_PRODUCTS_DIR; };
		74E28BF888172ACB56A63DC1 /* Pods-Git client.release.xcconfig */ = {isa = PBXFileReference; includeInIndex = 1; lastKnownFileType = text.xcconfig; name = "Pods-Git client.release.xcconfig"; path = "Target Support Files/Pods-Git client/Pods-Git client.release.xcconfig"; sourceTree = "<group>"; };
		C2072D95274755D5000F7802 /* GitDataRealm.swift */ = {isa = PBXFileReference; lastKnownFileType = sourcecode.swift; path = GitDataRealm.swift; sourceTree = "<group>"; };
		C219D7BC27345CF70040D713 /* DetailFavoritesViewController.swift */ = {isa = PBXFileReference; lastKnownFileType = sourcecode.swift; path = DetailFavoritesViewController.swift; sourceTree = "<group>"; };
		C2268DED274BC717009D0051 /* RealmProvider.swift */ = {isa = PBXFileReference; lastKnownFileType = sourcecode.swift; path = RealmProvider.swift; sourceTree = "<group>"; };
		C24B96ED2735468E0051B64F /* DetailTableViewCell.swift */ = {isa = PBXFileReference; lastKnownFileType = sourcecode.swift; path = DetailTableViewCell.swift; sourceTree = "<group>"; };
		C24B96EE2735468E0051B64F /* DetailTableViewCell.xib */ = {isa = PBXFileReference; lastKnownFileType = file.xib; path = DetailTableViewCell.xib; sourceTree = "<group>"; };
		C254019627464351001B6F80 /* AuthViewController.swift */ = {isa = PBXFileReference; lastKnownFileType = sourcecode.swift; path = AuthViewController.swift; sourceTree = "<group>"; };
		C254019827465658001B6F80 /* GoogleService-Info.plist */ = {isa = PBXFileReference; fileEncoding = 4; lastKnownFileType = text.plist.xml; path = "GoogleService-Info.plist"; sourceTree = "<group>"; };
		C25C15FA2743CC4300DDD0CA /* FavoritesViewModel.swift */ = {isa = PBXFileReference; lastKnownFileType = sourcecode.swift; path = FavoritesViewModel.swift; sourceTree = "<group>"; };
		C25F021227317EC2002B7635 /* Git client.app */ = {isa = PBXFileReference; explicitFileType = wrapper.application; includeInIndex = 0; path = "Git client.app"; sourceTree = BUILT_PRODUCTS_DIR; };
		C25F021527317EC2002B7635 /* AppDelegate.swift */ = {isa = PBXFileReference; lastKnownFileType = sourcecode.swift; path = AppDelegate.swift; sourceTree = "<group>"; };
		C25F021927317EC2002B7635 /* ViewController.swift */ = {isa = PBXFileReference; lastKnownFileType = sourcecode.swift; path = ViewController.swift; sourceTree = "<group>"; };
		C25F021C27317EC2002B7635 /* Base */ = {isa = PBXFileReference; lastKnownFileType = file.storyboard; name = Base; path = Base.lproj/Main.storyboard; sourceTree = "<group>"; };
		C25F021E27317EC3002B7635 /* Assets.xcassets */ = {isa = PBXFileReference; lastKnownFileType = folder.assetcatalog; path = Assets.xcassets; sourceTree = "<group>"; };
		C25F022127317EC3002B7635 /* Base */ = {isa = PBXFileReference; lastKnownFileType = file.storyboard; name = Base; path = Base.lproj/LaunchScreen.storyboard; sourceTree = "<group>"; };
		C25F022327317EC3002B7635 /* Info.plist */ = {isa = PBXFileReference; lastKnownFileType = text.plist.xml; path = Info.plist; sourceTree = "<group>"; };
		C25F022D2731865D002B7635 /* TableViewCell.swift */ = {isa = PBXFileReference; lastKnownFileType = sourcecode.swift; path = TableViewCell.swift; sourceTree = "<group>"; };
		C25F022E2731865D002B7635 /* TableViewCell.xib */ = {isa = PBXFileReference; lastKnownFileType = file.xib; path = TableViewCell.xib; sourceTree = "<group>"; };
		C27EFA012735A694001156D2 /* DetailFavoritesTableViewCell.swift */ = {isa = PBXFileReference; lastKnownFileType = sourcecode.swift; path = DetailFavoritesTableViewCell.swift; sourceTree = "<group>"; };
		C27EFA022735A694001156D2 /* DetailFavoritesTableViewCell.xib */ = {isa = PBXFileReference; lastKnownFileType = file.xib; path = DetailFavoritesTableViewCell.xib; sourceTree = "<group>"; };
		C2870A8527341E50006693CE /* DetailViewController.swift */ = {isa = PBXFileReference; lastKnownFileType = sourcecode.swift; path = DetailViewController.swift; sourceTree = "<group>"; };
		C29CC8D2274BFE6200C77ED0 /* LottieViewController.swift */ = {isa = PBXFileReference; lastKnownFileType = sourcecode.swift; path = LottieViewController.swift; sourceTree = "<group>"; };
		C2AE2AD3273AC2770056971B /* ViewModel.swift */ = {isa = PBXFileReference; lastKnownFileType = sourcecode.swift; path = ViewModel.swift; sourceTree = "<group>"; };
		C2AE2AD7273AC2E40056971B /* NetworkService.swift */ = {isa = PBXFileReference; lastKnownFileType = sourcecode.swift; path = NetworkService.swift; sourceTree = "<group>"; };
		C2B2594C274D121F0027F388 /* gitlogo.json */ = {isa = PBXFileReference; fileEncoding = 4; lastKnownFileType = text.json; path = gitlogo.json; sourceTree = "<group>"; };
		C2C293E92740C3960032169F /* CommitData.swift */ = {isa = PBXFileReference; lastKnownFileType = sourcecode.swift; path = CommitData.swift; sourceTree = "<group>"; };
		C2C293ED2740C45F0032169F /* GitData.swift */ = {isa = PBXFileReference; lastKnownFileType = sourcecode.swift; path = GitData.swift; sourceTree = "<group>"; };
		C2E404FE2732CF37006C2DD2 /* TabBarViewController.swift */ = {isa = PBXFileReference; lastKnownFileType = sourcecode.swift; path = TabBarViewController.swift; sourceTree = "<group>"; };
		C2FAC0FC273284D400504FE4 /* FavoritesViewController.swift */ = {isa = PBXFileReference; lastKnownFileType = sourcecode.swift; path = FavoritesViewController.swift; sourceTree = "<group>"; };
		C2FAC0FE2732857D00504FE4 /* FavoritesTableViewCell.swift */ = {isa = PBXFileReference; lastKnownFileType = sourcecode.swift; path = FavoritesTableViewCell.swift; sourceTree = "<group>"; };
		C2FAC0FF2732857D00504FE4 /* FavoritesTableViewCell.xib */ = {isa = PBXFileReference; lastKnownFileType = file.xib; path = FavoritesTableViewCell.xib; sourceTree = "<group>"; };
/* End PBXFileReference section */

/* Begin PBXFrameworksBuildPhase section */
		C25F020F27317EC2002B7635 /* Frameworks */ = {
			isa = PBXFrameworksBuildPhase;
			buildActionMask = 2147483647;
			files = (
				EC138219E7205500F3540852 /* Pods_Git_client.framework in Frameworks */,
			);
			runOnlyForDeploymentPostprocessing = 0;
		};
/* End PBXFrameworksBuildPhase section */

/* Begin PBXGroup section */
		0DBA5675CB4A8AA429BFF63F /* Pods */ = {
			isa = PBXGroup;
			children = (
				00F43DC50DCE0BE2EA991BBB /* Pods-Git client.debug.xcconfig */,
				74E28BF888172ACB56A63DC1 /* Pods-Git client.release.xcconfig */,
			);
			path = Pods;
			sourceTree = "<group>";
		};
		B0AC47CD17B943EF5D2B1073 /* Frameworks */ = {
			isa = PBXGroup;
			children = (
				04176C7A2A41261A0C0A22B2 /* Pods_Git_client.framework */,
			);
			name = Frameworks;
			sourceTree = "<group>";
		};
		C21EAEB6273B8096000B5BF1 /* FavoritesTableViewCell */ = {
			isa = PBXGroup;
			children = (
				C2FAC0FE2732857D00504FE4 /* FavoritesTableViewCell.swift */,
				C2FAC0FF2732857D00504FE4 /* FavoritesTableViewCell.xib */,
			);
			path = FavoritesTableViewCell;
			sourceTree = "<group>";
		};
		C21EAEB7273B80C8000B5BF1 /* DetailFavoritesTableViewCell */ = {
			isa = PBXGroup;
			children = (
				C27EFA012735A694001156D2 /* DetailFavoritesTableViewCell.swift */,
				C27EFA022735A694001156D2 /* DetailFavoritesTableViewCell.xib */,
			);
			path = DetailFavoritesTableViewCell;
			sourceTree = "<group>";
		};
		C228FD8327381F1700DE8332 /* Login */ = {
			isa = PBXGroup;
			children = (
				C254019627464351001B6F80 /* AuthViewController.swift */,
				C2E404FE2732CF37006C2DD2 /* TabBarViewController.swift */,
			);
			name = Login;
			path = ..;
			sourceTree = "<group>";
		};
		C228FD872738203500DE8332 /* FavoritesViewController */ = {
			isa = PBXGroup;
			children = (
				C21EAEB6273B8096000B5BF1 /* FavoritesTableViewCell */,
				C2FAC0FC273284D400504FE4 /* FavoritesViewController.swift */,
				C25C15FA2743CC4300DDD0CA /* FavoritesViewModel.swift */,
			);
			path = FavoritesViewController;
			sourceTree = "<group>";
		};
		C228FD882738206600DE8332 /* DetailFavoritesViewController */ = {
			isa = PBXGroup;
			children = (
				C21EAEB7273B80C8000B5BF1 /* DetailFavoritesTableViewCell */,
				C219D7BC27345CF70040D713 /* DetailFavoritesViewController.swift */,
			);
			path = DetailFavoritesViewController;
			sourceTree = "<group>";
		};
		C22C4DC7274B6E720006BC0F /* Repositories */ = {
			isa = PBXGroup;
			children = (
				C22FBECE27406BD300843055 /* ViewController */,
				C22FBED027406C0D00843055 /* DetailViewController */,
			);
			path = Repositories;
			sourceTree = "<group>";
		};
		C22C4DC8274B6EB20006BC0F /* Favorites */ = {
			isa = PBXGroup;
			children = (
				C228FD872738203500DE8332 /* FavoritesViewController */,
				C228FD882738206600DE8332 /* DetailFavoritesViewController */,
			);
			path = Favorites;
			sourceTree = "<group>";
		};
		C22FBECE27406BD300843055 /* ViewController */ = {
			isa = PBXGroup;
			children = (
				C22FBECF27406BF100843055 /* TableViewCell */,
				C25F021927317EC2002B7635 /* ViewController.swift */,
				C2AE2AD3273AC2770056971B /* ViewModel.swift */,
			);
			path = ViewController;
			sourceTree = "<group>";
		};
		C22FBECF27406BF100843055 /* TableViewCell */ = {
			isa = PBXGroup;
			children = (
				C25F022D2731865D002B7635 /* TableViewCell.swift */,
				C25F022E2731865D002B7635 /* TableViewCell.xib */,
			);
			path = TableViewCell;
			sourceTree = "<group>";
		};
		C22FBED027406C0D00843055 /* DetailViewController */ = {
			isa = PBXGroup;
			children = (
				C22FBED127406C2400843055 /* DetailTableViewCell */,
				C2870A8527341E50006693CE /* DetailViewController.swift */,
			);
			path = DetailViewController;
			sourceTree = "<group>";
		};
		C22FBED127406C2400843055 /* DetailTableViewCell */ = {
			isa = PBXGroup;
			children = (
				C24B96ED2735468E0051B64F /* DetailTableViewCell.swift */,
				C24B96EE2735468E0051B64F /* DetailTableViewCell.xib */,
			);
			path = DetailTableViewCell;
			sourceTree = "<group>";
		};
		C25F020927317EC2002B7635 = {
			isa = PBXGroup;
			children = (
				C25F021427317EC2002B7635 /* Git client */,
				C25F021327317EC2002B7635 /* Products */,
				0DBA5675CB4A8AA429BFF63F /* Pods */,
				B0AC47CD17B943EF5D2B1073 /* Frameworks */,
			);
			sourceTree = "<group>";
		};
		C25F021327317EC2002B7635 /* Products */ = {
			isa = PBXGroup;
			children = (
				C25F021227317EC2002B7635 /* Git client.app */,
			);
			name = Products;
			sourceTree = "<group>";
		};
		C25F021427317EC2002B7635 /* Git client */ = {
			isa = PBXGroup;
			children = (
				C25F021527317EC2002B7635 /* AppDelegate.swift */,
				C29CC8D8274C230800C77ED0 /* Lottie */,
				C2AE2AD5273AC2A30056971B /* Services */,
				C228FD8327381F1700DE8332 /* Login */,
				C22C4DC7274B6E720006BC0F /* Repositories */,
				C22C4DC8274B6EB20006BC0F /* Favorites */,
				C25F021B27317EC2002B7635 /* Main.storyboard */,
				C25F021E27317EC3002B7635 /* Assets.xcassets */,
				C25F022027317EC3002B7635 /* LaunchScreen.storyboard */,
				C25F022327317EC3002B7635 /* Info.plist */,
				C254019827465658001B6F80 /* GoogleService-Info.plist */,
			);
			path = "Git client";
			sourceTree = "<group>";
		};
		C29CC8D8274C230800C77ED0 /* Lottie */ = {
			isa = PBXGroup;
			children = (
				C29CC8D2274BFE6200C77ED0 /* LottieViewController.swift */,
				C2B2594C274D121F0027F388 /* gitlogo.json */,
			);
			path = Lottie;
			sourceTree = "<group>";
		};
		C2AE2AD5273AC2A30056971B /* Services */ = {
			isa = PBXGroup;
			children = (
				CC297E03274AC008006286FB /* Data Base */,
				C2AE2AD6273AC2C80056971B /* Network */,
			);
			path = Services;
			sourceTree = "<group>";
		};
		C2AE2AD6273AC2C80056971B /* Network */ = {
			isa = PBXGroup;
			children = (
				C2AE2AD9273AC2EA0056971B /* NetworkModels */,
				C2AE2AD7273AC2E40056971B /* NetworkService.swift */,
			);
			path = Network;
			sourceTree = "<group>";
		};
		C2AE2AD9273AC2EA0056971B /* NetworkModels */ = {
			isa = PBXGroup;
			children = (
				C2C293ED2740C45F0032169F /* GitData.swift */,
				C2C293E92740C3960032169F /* CommitData.swift */,
				C2072D95274755D5000F7802 /* GitDataRealm.swift */,
			);
			path = NetworkModels;
			sourceTree = "<group>";
		};
		CC297E03274AC008006286FB /* Data Base */ = {
			isa = PBXGroup;
			children = (
				C2268DED274BC717009D0051 /* RealmProvider.swift */,
			);
			path = "Data Base";
			sourceTree = "<group>";
		};
/* End PBXGroup section */

/* Begin PBXNativeTarget section */
		C25F021127317EC2002B7635 /* Git client */ = {
			isa = PBXNativeTarget;
			buildConfigurationList = C25F022627317EC3002B7635 /* Build configuration list for PBXNativeTarget "Git client" */;
			buildPhases = (
				083D924ACCA3D0C4D18AE88E /* [CP] Check Pods Manifest.lock */,
				C25F020E27317EC2002B7635 /* Sources */,
				C25F020F27317EC2002B7635 /* Frameworks */,
				C25F021027317EC2002B7635 /* Resources */,
				2D0609B9B9A207305BD56493 /* [CP] Embed Pods Frameworks */,
			);
			buildRules = (
			);
			dependencies = (
			);
			name = "Git client";
			productName = "Git client";
			productReference = C25F021227317EC2002B7635 /* Git client.app */;
			productType = "com.apple.product-type.application";
		};
/* End PBXNativeTarget section */

/* Begin PBXProject section */
		C25F020A27317EC2002B7635 /* Project object */ = {
			isa = PBXProject;
			attributes = {
				BuildIndependentTargetsInParallel = 1;
				LastSwiftUpdateCheck = 1310;
				LastUpgradeCheck = 1310;
				TargetAttributes = {
					C25F021127317EC2002B7635 = {
						CreatedOnToolsVersion = 13.1;
					};
				};
			};
			buildConfigurationList = C25F020D27317EC2002B7635 /* Build configuration list for PBXProject "Git client" */;
			compatibilityVersion = "Xcode 13.0";
			developmentRegion = en;
			hasScannedForEncodings = 0;
			knownRegions = (
				en,
				Base,
			);
			mainGroup = C25F020927317EC2002B7635;
			productRefGroup = C25F021327317EC2002B7635 /* Products */;
			projectDirPath = "";
			projectRoot = "";
			targets = (
				C25F021127317EC2002B7635 /* Git client */,
			);
		};
/* End PBXProject section */

/* Begin PBXResourcesBuildPhase section */
		C25F021027317EC2002B7635 /* Resources */ = {
			isa = PBXResourcesBuildPhase;
			buildActionMask = 2147483647;
			files = (
				C2FAC1012732857D00504FE4 /* FavoritesTableViewCell.xib in Resources */,
				C2B2594D274D121F0027F388 /* gitlogo.json in Resources */,
				C254019927465658001B6F80 /* GoogleService-Info.plist in Resources */,
				C25F022227317EC3002B7635 /* LaunchScreen.storyboard in Resources */,
				C25F02302731865D002B7635 /* TableViewCell.xib in Resources */,
				C25F021F27317EC3002B7635 /* Assets.xcassets in Resources */,
				C24B96F02735468E0051B64F /* DetailTableViewCell.xib in Resources */,
				C27EFA042735A694001156D2 /* DetailFavoritesTableViewCell.xib in Resources */,
				C25F021D27317EC2002B7635 /* Main.storyboard in Resources */,
			);
			runOnlyForDeploymentPostprocessing = 0;
		};
/* End PBXResourcesBuildPhase section */

/* Begin PBXShellScriptBuildPhase section */
		083D924ACCA3D0C4D18AE88E /* [CP] Check Pods Manifest.lock */ = {
			isa = PBXShellScriptBuildPhase;
			buildActionMask = 2147483647;
			files = (
			);
			inputFileListPaths = (
			);
			inputPaths = (
				"${PODS_PODFILE_DIR_PATH}/Podfile.lock",
				"${PODS_ROOT}/Manifest.lock",
			);
			name = "[CP] Check Pods Manifest.lock";
			outputFileListPaths = (
			);
			outputPaths = (
				"$(DERIVED_FILE_DIR)/Pods-Git client-checkManifestLockResult.txt",
			);
			runOnlyForDeploymentPostprocessing = 0;
			shellPath = /bin/sh;
			shellScript = "diff \"${PODS_PODFILE_DIR_PATH}/Podfile.lock\" \"${PODS_ROOT}/Manifest.lock\" > /dev/null\nif [ $? != 0 ] ; then\n    # print error to STDERR\n    echo \"error: The sandbox is not in sync with the Podfile.lock. Run 'pod install' or update your CocoaPods installation.\" >&2\n    exit 1\nfi\n# This output is used by Xcode 'outputs' to avoid re-running this script phase.\necho \"SUCCESS\" > \"${SCRIPT_OUTPUT_FILE_0}\"\n";
			showEnvVarsInLog = 0;
		};
		2D0609B9B9A207305BD56493 /* [CP] Embed Pods Frameworks */ = {
			isa = PBXShellScriptBuildPhase;
			buildActionMask = 2147483647;
			files = (
			);
			inputFileListPaths = (
				"${PODS_ROOT}/Target Support Files/Pods-Git client/Pods-Git client-frameworks-${CONFIGURATION}-input-files.xcfilelist",
			);
			name = "[CP] Embed Pods Frameworks";
			outputFileListPaths = (
				"${PODS_ROOT}/Target Support Files/Pods-Git client/Pods-Git client-frameworks-${CONFIGURATION}-output-files.xcfilelist",
			);
			runOnlyForDeploymentPostprocessing = 0;
			shellPath = /bin/sh;
			shellScript = "\"${PODS_ROOT}/Target Support Files/Pods-Git client/Pods-Git client-frameworks.sh\"\n";
			showEnvVarsInLog = 0;
		};
/* End PBXShellScriptBuildPhase section */

/* Begin PBXSourcesBuildPhase section */
		C25F020E27317EC2002B7635 /* Sources */ = {
			isa = PBXSourcesBuildPhase;
			buildActionMask = 2147483647;
			files = (
				C2072D96274755D5000F7802 /* GitDataRealm.swift in Sources */,
				C24B96EF2735468E0051B64F /* DetailTableViewCell.swift in Sources */,
				C27EFA032735A694001156D2 /* DetailFavoritesTableViewCell.swift in Sources */,
				C25C15FB2743CC4300DDD0CA /* FavoritesViewModel.swift in Sources */,
				C2870A8627341E50006693CE /* DetailViewController.swift in Sources */,
				C2C293EA2740C3960032169F /* CommitData.swift in Sources */,
				C2E404FF2732CF37006C2DD2 /* TabBarViewController.swift in Sources */,
				C2AE2AD8273AC2E40056971B /* NetworkService.swift in Sources */,
				C2268DEE274BC717009D0051 /* RealmProvider.swift in Sources */,
				C2AE2AD4273AC2770056971B /* ViewModel.swift in Sources */,
				C25F022F2731865D002B7635 /* TableViewCell.swift in Sources */,
				C254019727464351001B6F80 /* AuthViewController.swift in Sources */,
				C25F021A27317EC2002B7635 /* ViewController.swift in Sources */,
				C29CC8D3274BFE6300C77ED0 /* LottieViewController.swift in Sources */,
				C219D7BD27345CF70040D713 /* DetailFavoritesViewController.swift in Sources */,
				C2C293EE2740C45F0032169F /* GitData.swift in Sources */,
				C25F021627317EC2002B7635 /* AppDelegate.swift in Sources */,
				C2FAC0FD273284D400504FE4 /* FavoritesViewController.swift in Sources */,
				C2FAC1002732857D00504FE4 /* FavoritesTableViewCell.swift in Sources */,
			);
			runOnlyForDeploymentPostprocessing = 0;
		};
/* End PBXSourcesBuildPhase section */

/* Begin PBXVariantGroup section */
		C25F021B27317EC2002B7635 /* Main.storyboard */ = {
			isa = PBXVariantGroup;
			children = (
				C25F021C27317EC2002B7635 /* Base */,
			);
			name = Main.storyboard;
			sourceTree = "<group>";
		};
		C25F022027317EC3002B7635 /* LaunchScreen.storyboard */ = {
			isa = PBXVariantGroup;
			children = (
				C25F022127317EC3002B7635 /* Base */,
			);
			name = LaunchScreen.storyboard;
			sourceTree = "<group>";
		};
/* End PBXVariantGroup section */

/* Begin XCBuildConfiguration section */
		C25F022427317EC3002B7635 /* Debug */ = {
			isa = XCBuildConfiguration;
			buildSettings = {
				ALWAYS_SEARCH_USER_PATHS = NO;
				CLANG_ANALYZER_NONNULL = YES;
				CLANG_ANALYZER_NUMBER_OBJECT_CONVERSION = YES_AGGRESSIVE;
				CLANG_CXX_LANGUAGE_STANDARD = "gnu++17";
				CLANG_CXX_LIBRARY = "libc++";
				CLANG_ENABLE_MODULES = YES;
				CLANG_ENABLE_OBJC_ARC = YES;
				CLANG_ENABLE_OBJC_WEAK = YES;
				CLANG_WARN_BLOCK_CAPTURE_AUTORELEASING = YES;
				CLANG_WARN_BOOL_CONVERSION = YES;
				CLANG_WARN_COMMA = YES;
				CLANG_WARN_CONSTANT_CONVERSION = YES;
				CLANG_WARN_DEPRECATED_OBJC_IMPLEMENTATIONS = YES;
				CLANG_WARN_DIRECT_OBJC_ISA_USAGE = YES_ERROR;
				CLANG_WARN_DOCUMENTATION_COMMENTS = YES;
				CLANG_WARN_EMPTY_BODY = YES;
				CLANG_WARN_ENUM_CONVERSION = YES;
				CLANG_WARN_INFINITE_RECURSION = YES;
				CLANG_WARN_INT_CONVERSION = YES;
				CLANG_WARN_NON_LITERAL_NULL_CONVERSION = YES;
				CLANG_WARN_OBJC_IMPLICIT_RETAIN_SELF = YES;
				CLANG_WARN_OBJC_LITERAL_CONVERSION = YES;
				CLANG_WARN_OBJC_ROOT_CLASS = YES_ERROR;
				CLANG_WARN_QUOTED_INCLUDE_IN_FRAMEWORK_HEADER = YES;
				CLANG_WARN_RANGE_LOOP_ANALYSIS = YES;
				CLANG_WARN_STRICT_PROTOTYPES = YES;
				CLANG_WARN_SUSPICIOUS_MOVE = YES;
				CLANG_WARN_UNGUARDED_AVAILABILITY = YES_AGGRESSIVE;
				CLANG_WARN_UNREACHABLE_CODE = YES;
				CLANG_WARN__DUPLICATE_METHOD_MATCH = YES;
				COPY_PHASE_STRIP = NO;
				DEBUG_INFORMATION_FORMAT = dwarf;
				ENABLE_STRICT_OBJC_MSGSEND = YES;
				ENABLE_TESTABILITY = YES;
				GCC_C_LANGUAGE_STANDARD = gnu11;
				GCC_DYNAMIC_NO_PIC = NO;
				GCC_NO_COMMON_BLOCKS = YES;
				GCC_OPTIMIZATION_LEVEL = 0;
				GCC_PREPROCESSOR_DEFINITIONS = (
					"DEBUG=1",
					"$(inherited)",
				);
				GCC_WARN_64_TO_32_BIT_CONVERSION = YES;
				GCC_WARN_ABOUT_RETURN_TYPE = YES_ERROR;
				GCC_WARN_UNDECLARED_SELECTOR = YES;
				GCC_WARN_UNINITIALIZED_AUTOS = YES_AGGRESSIVE;
				GCC_WARN_UNUSED_FUNCTION = YES;
				GCC_WARN_UNUSED_VARIABLE = YES;
				IPHONEOS_DEPLOYMENT_TARGET = 15.0;
				MTL_ENABLE_DEBUG_INFO = INCLUDE_SOURCE;
				MTL_FAST_MATH = YES;
				ONLY_ACTIVE_ARCH = YES;
				SDKROOT = iphoneos;
				SWIFT_ACTIVE_COMPILATION_CONDITIONS = DEBUG;
				SWIFT_OPTIMIZATION_LEVEL = "-Onone";
			};
			name = Debug;
		};
		C25F022527317EC3002B7635 /* Release */ = {
			isa = XCBuildConfiguration;
			buildSettings = {
				ALWAYS_SEARCH_USER_PATHS = NO;
				CLANG_ANALYZER_NONNULL = YES;
				CLANG_ANALYZER_NUMBER_OBJECT_CONVERSION = YES_AGGRESSIVE;
				CLANG_CXX_LANGUAGE_STANDARD = "gnu++17";
				CLANG_CXX_LIBRARY = "libc++";
				CLANG_ENABLE_MODULES = YES;
				CLANG_ENABLE_OBJC_ARC = YES;
				CLANG_ENABLE_OBJC_WEAK = YES;
				CLANG_WARN_BLOCK_CAPTURE_AUTORELEASING = YES;
				CLANG_WARN_BOOL_CONVERSION = YES;
				CLANG_WARN_COMMA = YES;
				CLANG_WARN_CONSTANT_CONVERSION = YES;
				CLANG_WARN_DEPRECATED_OBJC_IMPLEMENTATIONS = YES;
				CLANG_WARN_DIRECT_OBJC_ISA_USAGE = YES_ERROR;
				CLANG_WARN_DOCUMENTATION_COMMENTS = YES;
				CLANG_WARN_EMPTY_BODY = YES;
				CLANG_WARN_ENUM_CONVERSION = YES;
				CLANG_WARN_INFINITE_RECURSION = YES;
				CLANG_WARN_INT_CONVERSION = YES;
				CLANG_WARN_NON_LITERAL_NULL_CONVERSION = YES;
				CLANG_WARN_OBJC_IMPLICIT_RETAIN_SELF = YES;
				CLANG_WARN_OBJC_LITERAL_CONVERSION = YES;
				CLANG_WARN_OBJC_ROOT_CLASS = YES_ERROR;
				CLANG_WARN_QUOTED_INCLUDE_IN_FRAMEWORK_HEADER = YES;
				CLANG_WARN_RANGE_LOOP_ANALYSIS = YES;
				CLANG_WARN_STRICT_PROTOTYPES = YES;
				CLANG_WARN_SUSPICIOUS_MOVE = YES;
				CLANG_WARN_UNGUARDED_AVAILABILITY = YES_AGGRESSIVE;
				CLANG_WARN_UNREACHABLE_CODE = YES;
				CLANG_WARN__DUPLICATE_METHOD_MATCH = YES;
				COPY_PHASE_STRIP = NO;
				DEBUG_INFORMATION_FORMAT = "dwarf-with-dsym";
				ENABLE_NS_ASSERTIONS = NO;
				ENABLE_STRICT_OBJC_MSGSEND = YES;
				GCC_C_LANGUAGE_STANDARD = gnu11;
				GCC_NO_COMMON_BLOCKS = YES;
				GCC_WARN_64_TO_32_BIT_CONVERSION = YES;
				GCC_WARN_ABOUT_RETURN_TYPE = YES_ERROR;
				GCC_WARN_UNDECLARED_SELECTOR = YES;
				GCC_WARN_UNINITIALIZED_AUTOS = YES_AGGRESSIVE;
				GCC_WARN_UNUSED_FUNCTION = YES;
				GCC_WARN_UNUSED_VARIABLE = YES;
				IPHONEOS_DEPLOYMENT_TARGET = 15.0;
				MTL_ENABLE_DEBUG_INFO = NO;
				MTL_FAST_MATH = YES;
				SDKROOT = iphoneos;
				SWIFT_COMPILATION_MODE = wholemodule;
				SWIFT_OPTIMIZATION_LEVEL = "-O";
				VALIDATE_PRODUCT = YES;
			};
			name = Release;
		};
		C25F022727317EC3002B7635 /* Debug */ = {
			isa = XCBuildConfiguration;
			baseConfigurationReference = 00F43DC50DCE0BE2EA991BBB /* Pods-Git client.debug.xcconfig */;
			buildSettings = {
				ASSETCATALOG_COMPILER_APPICON_NAME = AppIcon;
				ASSETCATALOG_COMPILER_GLOBAL_ACCENT_COLOR_NAME = AccentColor;
				CODE_SIGN_STYLE = Automatic;
				CURRENT_PROJECT_VERSION = 1;
				DEVELOPMENT_TEAM = 57PDV6YN8M;
				GENERATE_INFOPLIST_FILE = YES;
				INFOPLIST_FILE = "Git client/Info.plist";
				INFOPLIST_KEY_UIApplicationSupportsIndirectInputEvents = YES;
				INFOPLIST_KEY_UILaunchStoryboardName = LaunchScreen;
				INFOPLIST_KEY_UIMainStoryboardFile = Main;
				INFOPLIST_KEY_UISupportedInterfaceOrientations_iPad = "UIInterfaceOrientationPortrait UIInterfaceOrientationPortraitUpsideDown UIInterfaceOrientationLandscapeLeft UIInterfaceOrientationLandscapeRight";
				INFOPLIST_KEY_UISupportedInterfaceOrientations_iPhone = "UIInterfaceOrientationPortrait UIInterfaceOrientationLandscapeLeft UIInterfaceOrientationLandscapeRight";
				LD_RUNPATH_SEARCH_PATHS = (
					"$(inherited)",
					"@executable_path/Frameworks",
				);
				MARKETING_VERSION = 1.0;
				PRODUCT_BUNDLE_IDENTIFIER = "com.ruslanbagautdinov.Git-client";
				PRODUCT_NAME = "$(TARGET_NAME)";
				SWIFT_EMIT_LOC_STRINGS = YES;
				SWIFT_VERSION = 5.0;
				TARGETED_DEVICE_FAMILY = "1,2";
			};
			name = Debug;
		};
		C25F022827317EC3002B7635 /* Release */ = {
			isa = XCBuildConfiguration;
			baseConfigurationReference = 74E28BF888172ACB56A63DC1 /* Pods-Git client.release.xcconfig */;
			buildSettings = {
				ASSETCATALOG_COMPILER_APPICON_NAME = AppIcon;
				ASSETCATALOG_COMPILER_GLOBAL_ACCENT_COLOR_NAME = AccentColor;
				CODE_SIGN_STYLE = Automatic;
				CURRENT_PROJECT_VERSION = 1;
				DEVELOPMENT_TEAM = 57PDV6YN8M;
				GENERATE_INFOPLIST_FILE = YES;
				INFOPLIST_FILE = "Git client/Info.plist";
				INFOPLIST_KEY_UIApplicationSupportsIndirectInputEvents = YES;
				INFOPLIST_KEY_UILaunchStoryboardName = LaunchScreen;
				INFOPLIST_KEY_UIMainStoryboardFile = Main;
				INFOPLIST_KEY_UISupportedInterfaceOrientations_iPad = "UIInterfaceOrientationPortrait UIInterfaceOrientationPortraitUpsideDown UIInterfaceOrientationLandscapeLeft UIInterfaceOrientationLandscapeRight";
				INFOPLIST_KEY_UISupportedInterfaceOrientations_iPhone = "UIInterfaceOrientationPortrait UIInterfaceOrientationLandscapeLeft UIInterfaceOrientationLandscapeRight";
				LD_RUNPATH_SEARCH_PATHS = (
					"$(inherited)",
					"@executable_path/Frameworks",
				);
				MARKETING_VERSION = 1.0;
				PRODUCT_BUNDLE_IDENTIFIER = "com.ruslanbagautdinov.Git-client";
				PRODUCT_NAME = "$(TARGET_NAME)";
				SWIFT_EMIT_LOC_STRINGS = YES;
				SWIFT_VERSION = 5.0;
				TARGETED_DEVICE_FAMILY = "1,2";
			};
			name = Release;
		};
/* End XCBuildConfiguration section */

/* Begin XCConfigurationList section */
		C25F020D27317EC2002B7635 /* Build configuration list for PBXProject "Git client" */ = {
			isa = XCConfigurationList;
			buildConfigurations = (
				C25F022427317EC3002B7635 /* Debug */,
				C25F022527317EC3002B7635 /* Release */,
			);
			defaultConfigurationIsVisible = 0;
			defaultConfigurationName = Release;
		};
		C25F022627317EC3002B7635 /* Build configuration list for PBXNativeTarget "Git client" */ = {
			isa = XCConfigurationList;
			buildConfigurations = (
				C25F022727317EC3002B7635 /* Debug */,
				C25F022827317EC3002B7635 /* Release */,
			);
			defaultConfigurationIsVisible = 0;
			defaultConfigurationName = Release;
		};
/* End XCConfigurationList section */
	};
	rootObject = C25F020A27317EC2002B7635 /* Project object */;
}
