// !$*UTF8*$!
{
	archiveVersion = 1;
	classes = {
	};
	objectVersion = 55;
	objects = {

/* Begin PBXBuildFile section */
		C20D555227378EFC004A6F5B /* DetailCommitTableViewCell.swift in Sources */ = {isa = PBXBuildFile; fileRef = C20D555027378EFC004A6F5B /* DetailCommitTableViewCell.swift */; };
		C20D555327378EFC004A6F5B /* DetailCommitTableViewCell.xib in Resources */ = {isa = PBXBuildFile; fileRef = C20D555127378EFC004A6F5B /* DetailCommitTableViewCell.xib */; };
		C20D555627378F3A004A6F5B /* DetailCommitFavoritTableViewCell.swift in Sources */ = {isa = PBXBuildFile; fileRef = C20D555427378F3A004A6F5B /* DetailCommitFavoritTableViewCell.swift */; };
		C20D555727378F3A004A6F5B /* DetailCommitFavoritTableViewCell.xib in Resources */ = {isa = PBXBuildFile; fileRef = C20D555527378F3A004A6F5B /* DetailCommitFavoritTableViewCell.xib */; };
		C2112618273674B700005A6A /* DetailCommitViewController.swift in Sources */ = {isa = PBXBuildFile; fileRef = C2112617273674B700005A6A /* DetailCommitViewController.swift */; };
		C211261A2736849700005A6A /* DetailCommitFavoritViewController.swift in Sources */ = {isa = PBXBuildFile; fileRef = C21126192736849700005A6A /* DetailCommitFavoritViewController.swift */; };
		C219D7BD27345CF70040D713 /* FavoritViewController.swift in Sources */ = {isa = PBXBuildFile; fileRef = C219D7BC27345CF70040D713 /* FavoritViewController.swift */; };
		C24B96EF2735468E0051B64F /* ContentCommitTableViewCell.swift in Sources */ = {isa = PBXBuildFile; fileRef = C24B96ED2735468E0051B64F /* ContentCommitTableViewCell.swift */; };
		C24B96F02735468E0051B64F /* ContentCommitTableViewCell.xib in Resources */ = {isa = PBXBuildFile; fileRef = C24B96EE2735468E0051B64F /* ContentCommitTableViewCell.xib */; };
		C25F021627317EC2002B7635 /* AppDelegate.swift in Sources */ = {isa = PBXBuildFile; fileRef = C25F021527317EC2002B7635 /* AppDelegate.swift */; };
		C25F021A27317EC2002B7635 /* ViewController.swift in Sources */ = {isa = PBXBuildFile; fileRef = C25F021927317EC2002B7635 /* ViewController.swift */; };
		C25F021D27317EC2002B7635 /* Main.storyboard in Resources */ = {isa = PBXBuildFile; fileRef = C25F021B27317EC2002B7635 /* Main.storyboard */; };
		C25F021F27317EC3002B7635 /* Assets.xcassets in Resources */ = {isa = PBXBuildFile; fileRef = C25F021E27317EC3002B7635 /* Assets.xcassets */; };
		C25F022227317EC3002B7635 /* LaunchScreen.storyboard in Resources */ = {isa = PBXBuildFile; fileRef = C25F022027317EC3002B7635 /* LaunchScreen.storyboard */; };
		C25F022F2731865D002B7635 /* TableViewCell.swift in Sources */ = {isa = PBXBuildFile; fileRef = C25F022D2731865D002B7635 /* TableViewCell.swift */; };
		C25F02302731865D002B7635 /* TableViewCell.xib in Resources */ = {isa = PBXBuildFile; fileRef = C25F022E2731865D002B7635 /* TableViewCell.xib */; };
		C27EFA032735A694001156D2 /* FavoritCommitTableViewCell.swift in Sources */ = {isa = PBXBuildFile; fileRef = C27EFA012735A694001156D2 /* FavoritCommitTableViewCell.swift */; };
		C27EFA042735A694001156D2 /* FavoritCommitTableViewCell.xib in Resources */ = {isa = PBXBuildFile; fileRef = C27EFA022735A694001156D2 /* FavoritCommitTableViewCell.xib */; };
		C2870A8627341E50006693CE /* ContentViewController.swift in Sources */ = {isa = PBXBuildFile; fileRef = C2870A8527341E50006693CE /* ContentViewController.swift */; };
		C2B904AD273263A90005CF8E /* ViewControllerLogin.swift in Sources */ = {isa = PBXBuildFile; fileRef = C2B904AC273263A90005CF8E /* ViewControllerLogin.swift */; };
		C2E404FF2732CF37006C2DD2 /* ViewControllerTabBar.swift in Sources */ = {isa = PBXBuildFile; fileRef = C2E404FE2732CF37006C2DD2 /* ViewControllerTabBar.swift */; };
		C2FAC0FD273284D400504FE4 /* ViewControllerFavorites.swift in Sources */ = {isa = PBXBuildFile; fileRef = C2FAC0FC273284D400504FE4 /* ViewControllerFavorites.swift */; };
		C2FAC1002732857D00504FE4 /* TableViewCellFavorites.swift in Sources */ = {isa = PBXBuildFile; fileRef = C2FAC0FE2732857D00504FE4 /* TableViewCellFavorites.swift */; };
		C2FAC1012732857D00504FE4 /* TableViewCellFavorites.xib in Resources */ = {isa = PBXBuildFile; fileRef = C2FAC0FF2732857D00504FE4 /* TableViewCellFavorites.xib */; };
		EC138219E7205500F3540852 /* Pods_Git_client.framework in Frameworks */ = {isa = PBXBuildFile; fileRef = 04176C7A2A41261A0C0A22B2 /* Pods_Git_client.framework */; };
/* End PBXBuildFile section */

/* Begin PBXFileReference section */
		00F43DC50DCE0BE2EA991BBB /* Pods-Git client.debug.xcconfig */ = {isa = PBXFileReference; includeInIndex = 1; lastKnownFileType = text.xcconfig; name = "Pods-Git client.debug.xcconfig"; path = "Target Support Files/Pods-Git client/Pods-Git client.debug.xcconfig"; sourceTree = "<group>"; };
		04176C7A2A41261A0C0A22B2 /* Pods_Git_client.framework */ = {isa = PBXFileReference; explicitFileType = wrapper.framework; includeInIndex = 0; path = Pods_Git_client.framework; sourceTree = BUILT_PRODUCTS_DIR; };
		74E28BF888172ACB56A63DC1 /* Pods-Git client.release.xcconfig */ = {isa = PBXFileReference; includeInIndex = 1; lastKnownFileType = text.xcconfig; name = "Pods-Git client.release.xcconfig"; path = "Target Support Files/Pods-Git client/Pods-Git client.release.xcconfig"; sourceTree = "<group>"; };
		C20D555027378EFC004A6F5B /* DetailCommitTableViewCell.swift */ = {isa = PBXFileReference; lastKnownFileType = sourcecode.swift; path = DetailCommitTableViewCell.swift; sourceTree = "<group>"; };
		C20D555127378EFC004A6F5B /* DetailCommitTableViewCell.xib */ = {isa = PBXFileReference; lastKnownFileType = file.xib; path = DetailCommitTableViewCell.xib; sourceTree = "<group>"; };
		C20D555427378F3A004A6F5B /* DetailCommitFavoritTableViewCell.swift */ = {isa = PBXFileReference; lastKnownFileType = sourcecode.swift; path = DetailCommitFavoritTableViewCell.swift; sourceTree = "<group>"; };
		C20D555527378F3A004A6F5B /* DetailCommitFavoritTableViewCell.xib */ = {isa = PBXFileReference; lastKnownFileType = file.xib; path = DetailCommitFavoritTableViewCell.xib; sourceTree = "<group>"; };
		C2112617273674B700005A6A /* DetailCommitViewController.swift */ = {isa = PBXFileReference; lastKnownFileType = sourcecode.swift; path = DetailCommitViewController.swift; sourceTree = "<group>"; };
		C21126192736849700005A6A /* DetailCommitFavoritViewController.swift */ = {isa = PBXFileReference; lastKnownFileType = sourcecode.swift; path = DetailCommitFavoritViewController.swift; sourceTree = "<group>"; };
		C219D7BC27345CF70040D713 /* FavoritViewController.swift */ = {isa = PBXFileReference; lastKnownFileType = sourcecode.swift; path = FavoritViewController.swift; sourceTree = "<group>"; };
		C24B96ED2735468E0051B64F /* ContentCommitTableViewCell.swift */ = {isa = PBXFileReference; lastKnownFileType = sourcecode.swift; path = ContentCommitTableViewCell.swift; sourceTree = "<group>"; };
		C24B96EE2735468E0051B64F /* ContentCommitTableViewCell.xib */ = {isa = PBXFileReference; lastKnownFileType = file.xib; path = ContentCommitTableViewCell.xib; sourceTree = "<group>"; };
		C25F021227317EC2002B7635 /* Git client.app */ = {isa = PBXFileReference; explicitFileType = wrapper.application; includeInIndex = 0; path = "Git client.app"; sourceTree = BUILT_PRODUCTS_DIR; };
		C25F021527317EC2002B7635 /* AppDelegate.swift */ = {isa = PBXFileReference; lastKnownFileType = sourcecode.swift; path = AppDelegate.swift; sourceTree = "<group>"; };
		C25F021927317EC2002B7635 /* ViewController.swift */ = {isa = PBXFileReference; lastKnownFileType = sourcecode.swift; path = ViewController.swift; sourceTree = "<group>"; };
		C25F021C27317EC2002B7635 /* Base */ = {isa = PBXFileReference; lastKnownFileType = file.storyboard; name = Base; path = Base.lproj/Main.storyboard; sourceTree = "<group>"; };
		C25F021E27317EC3002B7635 /* Assets.xcassets */ = {isa = PBXFileReference; lastKnownFileType = folder.assetcatalog; path = Assets.xcassets; sourceTree = "<group>"; };
		C25F022127317EC3002B7635 /* Base */ = {isa = PBXFileReference; lastKnownFileType = file.storyboard; name = Base; path = Base.lproj/LaunchScreen.storyboard; sourceTree = "<group>"; };
		C25F022327317EC3002B7635 /* Info.plist */ = {isa = PBXFileReference; lastKnownFileType = text.plist.xml; path = Info.plist; sourceTree = "<group>"; };
		C25F022D2731865D002B7635 /* TableViewCell.swift */ = {isa = PBXFileReference; lastKnownFileType = sourcecode.swift; path = TableViewCell.swift; sourceTree = "<group>"; };
		C25F022E2731865D002B7635 /* TableViewCell.xib */ = {isa = PBXFileReference; lastKnownFileType = file.xib; path = TableViewCell.xib; sourceTree = "<group>"; };
		C27EFA012735A694001156D2 /* FavoritCommitTableViewCell.swift */ = {isa = PBXFileReference; lastKnownFileType = sourcecode.swift; path = FavoritCommitTableViewCell.swift; sourceTree = "<group>"; };
		C27EFA022735A694001156D2 /* FavoritCommitTableViewCell.xib */ = {isa = PBXFileReference; lastKnownFileType = file.xib; path = FavoritCommitTableViewCell.xib; sourceTree = "<group>"; };
		C2870A8527341E50006693CE /* ContentViewController.swift */ = {isa = PBXFileReference; lastKnownFileType = sourcecode.swift; path = ContentViewController.swift; sourceTree = "<group>"; };
		C2B904AC273263A90005CF8E /* ViewControllerLogin.swift */ = {isa = PBXFileReference; lastKnownFileType = sourcecode.swift; path = ViewControllerLogin.swift; sourceTree = "<group>"; };
		C2E404FE2732CF37006C2DD2 /* ViewControllerTabBar.swift */ = {isa = PBXFileReference; lastKnownFileType = sourcecode.swift; path = ViewControllerTabBar.swift; sourceTree = "<group>"; };
		C2FAC0FC273284D400504FE4 /* ViewControllerFavorites.swift */ = {isa = PBXFileReference; lastKnownFileType = sourcecode.swift; path = ViewControllerFavorites.swift; sourceTree = "<group>"; };
		C2FAC0FE2732857D00504FE4 /* TableViewCellFavorites.swift */ = {isa = PBXFileReference; lastKnownFileType = sourcecode.swift; path = TableViewCellFavorites.swift; sourceTree = "<group>"; };
		C2FAC0FF2732857D00504FE4 /* TableViewCellFavorites.xib */ = {isa = PBXFileReference; lastKnownFileType = file.xib; path = TableViewCellFavorites.xib; sourceTree = "<group>"; };
/* End PBXFileReference section */

/* Begin PBXFrameworksBuildPhase section */
		C25F020F27317EC2002B7635 /* Frameworks */ = {
			isa = PBXFrameworksBuildPhase;
			buildActionMask = 2147483647;
			files = (
				EC138219E7205500F3540852 /* Pods_Git_client.framework in Frameworks */,
			);
			runOnlyForDeploymentPostprocessing = 0;
		};
/* End PBXFrameworksBuildPhase section */

/* Begin PBXGroup section */
		0DBA5675CB4A8AA429BFF63F /* Pods */ = {
			isa = PBXGroup;
			children = (
				00F43DC50DCE0BE2EA991BBB /* Pods-Git client.debug.xcconfig */,
				74E28BF888172ACB56A63DC1 /* Pods-Git client.release.xcconfig */,
			);
			path = Pods;
			sourceTree = "<group>";
		};
		B0AC47CD17B943EF5D2B1073 /* Frameworks */ = {
			isa = PBXGroup;
			children = (
				04176C7A2A41261A0C0A22B2 /* Pods_Git_client.framework */,
			);
			name = Frameworks;
			sourceTree = "<group>";
		};
		C228FD8327381F1700DE8332 /* ViewControllerLogin */ = {
			isa = PBXGroup;
			children = (
				C2B904AC273263A90005CF8E /* ViewControllerLogin.swift */,
				C2E404FE2732CF37006C2DD2 /* ViewControllerTabBar.swift */,
			);
			name = ViewControllerLogin;
			path = ..;
			sourceTree = "<group>";
		};
		C228FD8427381F4A00DE8332 /* ViewController */ = {
			isa = PBXGroup;
			children = (
				C25F021927317EC2002B7635 /* ViewController.swift */,
				C25F022D2731865D002B7635 /* TableViewCell.swift */,
				C25F022E2731865D002B7635 /* TableViewCell.xib */,
			);
			path = ViewController;
			sourceTree = "<group>";
		};
		C228FD8527381FA100DE8332 /* ContentViewController */ = {
			isa = PBXGroup;
			children = (
				C2870A8527341E50006693CE /* ContentViewController.swift */,
				C24B96ED2735468E0051B64F /* ContentCommitTableViewCell.swift */,
				C24B96EE2735468E0051B64F /* ContentCommitTableViewCell.xib */,
			);
			path = ContentViewController;
			sourceTree = "<group>";
		};
		C228FD8627381FE800DE8332 /* DetailCommitViewController */ = {
			isa = PBXGroup;
			children = (
				C2112617273674B700005A6A /* DetailCommitViewController.swift */,
				C20D555027378EFC004A6F5B /* DetailCommitTableViewCell.swift */,
				C20D555127378EFC004A6F5B /* DetailCommitTableViewCell.xib */,
			);
			path = DetailCommitViewController;
			sourceTree = "<group>";
		};
		C228FD872738203500DE8332 /* ViewControllerFavorites */ = {
			isa = PBXGroup;
			children = (
				C2FAC0FC273284D400504FE4 /* ViewControllerFavorites.swift */,
				C2FAC0FE2732857D00504FE4 /* TableViewCellFavorites.swift */,
				C2FAC0FF2732857D00504FE4 /* TableViewCellFavorites.xib */,
			);
			path = ViewControllerFavorites;
			sourceTree = "<group>";
		};
		C228FD882738206600DE8332 /* FavoritViewController */ = {
			isa = PBXGroup;
			children = (
				C219D7BC27345CF70040D713 /* FavoritViewController.swift */,
				C27EFA012735A694001156D2 /* FavoritCommitTableViewCell.swift */,
				C27EFA022735A694001156D2 /* FavoritCommitTableViewCell.xib */,
			);
			path = FavoritViewController;
			sourceTree = "<group>";
		};
		C228FD892738208E00DE8332 /* DetailCommitFavoritViewController */ = {
			isa = PBXGroup;
			children = (
				C21126192736849700005A6A /* DetailCommitFavoritViewController.swift */,
				C20D555427378F3A004A6F5B /* DetailCommitFavoritTableViewCell.swift */,
				C20D555527378F3A004A6F5B /* DetailCommitFavoritTableViewCell.xib */,
			);
			path = DetailCommitFavoritViewController;
			sourceTree = "<group>";
		};
		C25F020927317EC2002B7635 = {
			isa = PBXGroup;
			children = (
				C25F021427317EC2002B7635 /* Git client */,
				C25F021327317EC2002B7635 /* Products */,
				0DBA5675CB4A8AA429BFF63F /* Pods */,
				B0AC47CD17B943EF5D2B1073 /* Frameworks */,
			);
			sourceTree = "<group>";
		};
		C25F021327317EC2002B7635 /* Products */ = {
			isa = PBXGroup;
			children = (
				C25F021227317EC2002B7635 /* Git client.app */,
			);
			name = Products;
			sourceTree = "<group>";
		};
		C25F021427317EC2002B7635 /* Git client */ = {
			isa = PBXGroup;
			children = (
				C228FD8327381F1700DE8332 /* ViewControllerLogin */,
				C228FD8427381F4A00DE8332 /* ViewController */,
				C228FD8527381FA100DE8332 /* ContentViewController */,
				C228FD8627381FE800DE8332 /* DetailCommitViewController */,
				C25F021527317EC2002B7635 /* AppDelegate.swift */,
				C25F021B27317EC2002B7635 /* Main.storyboard */,
				C228FD872738203500DE8332 /* ViewControllerFavorites */,
				C228FD882738206600DE8332 /* FavoritViewController */,
				C228FD892738208E00DE8332 /* DetailCommitFavoritViewController */,
				C25F021E27317EC3002B7635 /* Assets.xcassets */,
				C25F022027317EC3002B7635 /* LaunchScreen.storyboard */,
				C25F022327317EC3002B7635 /* Info.plist */,
			);
			path = "Git client";
			sourceTree = "<group>";
		};
/* End PBXGroup section */

/* Begin PBXNativeTarget section */
		C25F021127317EC2002B7635 /* Git client */ = {
			isa = PBXNativeTarget;
			buildConfigurationList = C25F022627317EC3002B7635 /* Build configuration list for PBXNativeTarget "Git client" */;
			buildPhases = (
				083D924ACCA3D0C4D18AE88E /* [CP] Check Pods Manifest.lock */,
				C25F020E27317EC2002B7635 /* Sources */,
				C25F020F27317EC2002B7635 /* Frameworks */,
				C25F021027317EC2002B7635 /* Resources */,
				2D0609B9B9A207305BD56493 /* [CP] Embed Pods Frameworks */,
			);
			buildRules = (
			);
			dependencies = (
			);
			name = "Git client";
			productName = "Git client";
			productReference = C25F021227317EC2002B7635 /* Git client.app */;
			productType = "com.apple.product-type.application";
		};
/* End PBXNativeTarget section */

/* Begin PBXProject section */
		C25F020A27317EC2002B7635 /* Project object */ = {
			isa = PBXProject;
			attributes = {
				BuildIndependentTargetsInParallel = 1;
				LastSwiftUpdateCheck = 1310;
				LastUpgradeCheck = 1310;
				TargetAttributes = {
					C25F021127317EC2002B7635 = {
						CreatedOnToolsVersion = 13.1;
					};
				};
			};
			buildConfigurationList = C25F020D27317EC2002B7635 /* Build configuration list for PBXProject "Git client" */;
			compatibilityVersion = "Xcode 13.0";
			developmentRegion = en;
			hasScannedForEncodings = 0;
			knownRegions = (
				en,
				Base,
			);
			mainGroup = C25F020927317EC2002B7635;
			productRefGroup = C25F021327317EC2002B7635 /* Products */;
			projectDirPath = "";
			projectRoot = "";
			targets = (
				C25F021127317EC2002B7635 /* Git client */,
			);
		};
/* End PBXProject section */

/* Begin PBXResourcesBuildPhase section */
		C25F021027317EC2002B7635 /* Resources */ = {
			isa = PBXResourcesBuildPhase;
			buildActionMask = 2147483647;
			files = (
				C2FAC1012732857D00504FE4 /* TableViewCellFavorites.xib in Resources */,
				C25F022227317EC3002B7635 /* LaunchScreen.storyboard in Resources */,
				C25F02302731865D002B7635 /* TableViewCell.xib in Resources */,
				C25F021F27317EC3002B7635 /* Assets.xcassets in Resources */,
				C24B96F02735468E0051B64F /* ContentCommitTableViewCell.xib in Resources */,
				C20D555327378EFC004A6F5B /* DetailCommitTableViewCell.xib in Resources */,
				C20D555727378F3A004A6F5B /* DetailCommitFavoritTableViewCell.xib in Resources */,
				C27EFA042735A694001156D2 /* FavoritCommitTableViewCell.xib in Resources */,
				C25F021D27317EC2002B7635 /* Main.storyboard in Resources */,
			);
			runOnlyForDeploymentPostprocessing = 0;
		};
/* End PBXResourcesBuildPhase section */

/* Begin PBXShellScriptBuildPhase section */
		083D924ACCA3D0C4D18AE88E /* [CP] Check Pods Manifest.lock */ = {
			isa = PBXShellScriptBuildPhase;
			buildActionMask = 2147483647;
			files = (
			);
			inputFileListPaths = (
			);
			inputPaths = (
				"${PODS_PODFILE_DIR_PATH}/Podfile.lock",
				"${PODS_ROOT}/Manifest.lock",
			);
			name = "[CP] Check Pods Manifest.lock";
			outputFileListPaths = (
			);
			outputPaths = (
				"$(DERIVED_FILE_DIR)/Pods-Git client-checkManifestLockResult.txt",
			);
			runOnlyForDeploymentPostprocessing = 0;
			shellPath = /bin/sh;
			shellScript = "diff \"${PODS_PODFILE_DIR_PATH}/Podfile.lock\" \"${PODS_ROOT}/Manifest.lock\" > /dev/null\nif [ $? != 0 ] ; then\n    # print error to STDERR\n    echo \"error: The sandbox is not in sync with the Podfile.lock. Run 'pod install' or update your CocoaPods installation.\" >&2\n    exit 1\nfi\n# This output is used by Xcode 'outputs' to avoid re-running this script phase.\necho \"SUCCESS\" > \"${SCRIPT_OUTPUT_FILE_0}\"\n";
			showEnvVarsInLog = 0;
		};
		2D0609B9B9A207305BD56493 /* [CP] Embed Pods Frameworks */ = {
			isa = PBXShellScriptBuildPhase;
			buildActionMask = 2147483647;
			files = (
			);
			inputFileListPaths = (
				"${PODS_ROOT}/Target Support Files/Pods-Git client/Pods-Git client-frameworks-${CONFIGURATION}-input-files.xcfilelist",
			);
			name = "[CP] Embed Pods Frameworks";
			outputFileListPaths = (
				"${PODS_ROOT}/Target Support Files/Pods-Git client/Pods-Git client-frameworks-${CONFIGURATION}-output-files.xcfilelist",
			);
			runOnlyForDeploymentPostprocessing = 0;
			shellPath = /bin/sh;
			shellScript = "\"${PODS_ROOT}/Target Support Files/Pods-Git client/Pods-Git client-frameworks.sh\"\n";
			showEnvVarsInLog = 0;
		};
/* End PBXShellScriptBuildPhase section */

/* Begin PBXSourcesBuildPhase section */
		C25F020E27317EC2002B7635 /* Sources */ = {
			isa = PBXSourcesBuildPhase;
			buildActionMask = 2147483647;
			files = (
				C24B96EF2735468E0051B64F /* ContentCommitTableViewCell.swift in Sources */,
				C20D555627378F3A004A6F5B /* DetailCommitFavoritTableViewCell.swift in Sources */,
				C27EFA032735A694001156D2 /* FavoritCommitTableViewCell.swift in Sources */,
				C2870A8627341E50006693CE /* ContentViewController.swift in Sources */,
				C2E404FF2732CF37006C2DD2 /* ViewControllerTabBar.swift in Sources */,
				C2B904AD273263A90005CF8E /* ViewControllerLogin.swift in Sources */,
				C20D555227378EFC004A6F5B /* DetailCommitTableViewCell.swift in Sources */,
				C25F022F2731865D002B7635 /* TableViewCell.swift in Sources */,
				C25F021A27317EC2002B7635 /* ViewController.swift in Sources */,
				C219D7BD27345CF70040D713 /* FavoritViewController.swift in Sources */,
				C2112618273674B700005A6A /* DetailCommitViewController.swift in Sources */,
				C211261A2736849700005A6A /* DetailCommitFavoritViewController.swift in Sources */,
				C25F021627317EC2002B7635 /* AppDelegate.swift in Sources */,
				C2FAC0FD273284D400504FE4 /* ViewControllerFavorites.swift in Sources */,
				C2FAC1002732857D00504FE4 /* TableViewCellFavorites.swift in Sources */,
			);
			runOnlyForDeploymentPostprocessing = 0;
		};
/* End PBXSourcesBuildPhase section */

/* Begin PBXVariantGroup section */
		C25F021B27317EC2002B7635 /* Main.storyboard */ = {
			isa = PBXVariantGroup;
			children = (
				C25F021C27317EC2002B7635 /* Base */,
			);
			name = Main.storyboard;
			sourceTree = "<group>";
		};
		C25F022027317EC3002B7635 /* LaunchScreen.storyboard */ = {
			isa = PBXVariantGroup;
			children = (
				C25F022127317EC3002B7635 /* Base */,
			);
			name = LaunchScreen.storyboard;
			sourceTree = "<group>";
		};
/* End PBXVariantGroup section */

/* Begin XCBuildConfiguration section */
		C25F022427317EC3002B7635 /* Debug */ = {
			isa = XCBuildConfiguration;
			buildSettings = {
				ALWAYS_SEARCH_USER_PATHS = NO;
				CLANG_ANALYZER_NONNULL = YES;
				CLANG_ANALYZER_NUMBER_OBJECT_CONVERSION = YES_AGGRESSIVE;
				CLANG_CXX_LANGUAGE_STANDARD = "gnu++17";
				CLANG_CXX_LIBRARY = "libc++";
				CLANG_ENABLE_MODULES = YES;
				CLANG_ENABLE_OBJC_ARC = YES;
				CLANG_ENABLE_OBJC_WEAK = YES;
				CLANG_WARN_BLOCK_CAPTURE_AUTORELEASING = YES;
				CLANG_WARN_BOOL_CONVERSION = YES;
				CLANG_WARN_COMMA = YES;
				CLANG_WARN_CONSTANT_CONVERSION = YES;
				CLANG_WARN_DEPRECATED_OBJC_IMPLEMENTATIONS = YES;
				CLANG_WARN_DIRECT_OBJC_ISA_USAGE = YES_ERROR;
				CLANG_WARN_DOCUMENTATION_COMMENTS = YES;
				CLANG_WARN_EMPTY_BODY = YES;
				CLANG_WARN_ENUM_CONVERSION = YES;
				CLANG_WARN_INFINITE_RECURSION = YES;
				CLANG_WARN_INT_CONVERSION = YES;
				CLANG_WARN_NON_LITERAL_NULL_CONVERSION = YES;
				CLANG_WARN_OBJC_IMPLICIT_RETAIN_SELF = YES;
				CLANG_WARN_OBJC_LITERAL_CONVERSION = YES;
				CLANG_WARN_OBJC_ROOT_CLASS = YES_ERROR;
				CLANG_WARN_QUOTED_INCLUDE_IN_FRAMEWORK_HEADER = YES;
				CLANG_WARN_RANGE_LOOP_ANALYSIS = YES;
				CLANG_WARN_STRICT_PROTOTYPES = YES;
				CLANG_WARN_SUSPICIOUS_MOVE = YES;
				CLANG_WARN_UNGUARDED_AVAILABILITY = YES_AGGRESSIVE;
				CLANG_WARN_UNREACHABLE_CODE = YES;
				CLANG_WARN__DUPLICATE_METHOD_MATCH = YES;
				COPY_PHASE_STRIP = NO;
				DEBUG_INFORMATION_FORMAT = dwarf;
				ENABLE_STRICT_OBJC_MSGSEND = YES;
				ENABLE_TESTABILITY = YES;
				GCC_C_LANGUAGE_STANDARD = gnu11;
				GCC_DYNAMIC_NO_PIC = NO;
				GCC_NO_COMMON_BLOCKS = YES;
				GCC_OPTIMIZATION_LEVEL = 0;
				GCC_PREPROCESSOR_DEFINITIONS = (
					"DEBUG=1",
					"$(inherited)",
				);
				GCC_WARN_64_TO_32_BIT_CONVERSION = YES;
				GCC_WARN_ABOUT_RETURN_TYPE = YES_ERROR;
				GCC_WARN_UNDECLARED_SELECTOR = YES;
				GCC_WARN_UNINITIALIZED_AUTOS = YES_AGGRESSIVE;
				GCC_WARN_UNUSED_FUNCTION = YES;
				GCC_WARN_UNUSED_VARIABLE = YES;
				IPHONEOS_DEPLOYMENT_TARGET = 15.0;
				MTL_ENABLE_DEBUG_INFO = INCLUDE_SOURCE;
				MTL_FAST_MATH = YES;
				ONLY_ACTIVE_ARCH = YES;
				SDKROOT = iphoneos;
				SWIFT_ACTIVE_COMPILATION_CONDITIONS = DEBUG;
				SWIFT_OPTIMIZATION_LEVEL = "-Onone";
			};
			name = Debug;
		};
		C25F022527317EC3002B7635 /* Release */ = {
			isa = XCBuildConfiguration;
			buildSettings = {
				ALWAYS_SEARCH_USER_PATHS = NO;
				CLANG_ANALYZER_NONNULL = YES;
				CLANG_ANALYZER_NUMBER_OBJECT_CONVERSION = YES_AGGRESSIVE;
				CLANG_CXX_LANGUAGE_STANDARD = "gnu++17";
				CLANG_CXX_LIBRARY = "libc++";
				CLANG_ENABLE_MODULES = YES;
				CLANG_ENABLE_OBJC_ARC = YES;
				CLANG_ENABLE_OBJC_WEAK = YES;
				CLANG_WARN_BLOCK_CAPTURE_AUTORELEASING = YES;
				CLANG_WARN_BOOL_CONVERSION = YES;
				CLANG_WARN_COMMA = YES;
				CLANG_WARN_CONSTANT_CONVERSION = YES;
				CLANG_WARN_DEPRECATED_OBJC_IMPLEMENTATIONS = YES;
				CLANG_WARN_DIRECT_OBJC_ISA_USAGE = YES_ERROR;
				CLANG_WARN_DOCUMENTATION_COMMENTS = YES;
				CLANG_WARN_EMPTY_BODY = YES;
				CLANG_WARN_ENUM_CONVERSION = YES;
				CLANG_WARN_INFINITE_RECURSION = YES;
				CLANG_WARN_INT_CONVERSION = YES;
				CLANG_WARN_NON_LITERAL_NULL_CONVERSION = YES;
				CLANG_WARN_OBJC_IMPLICIT_RETAIN_SELF = YES;
				CLANG_WARN_OBJC_LITERAL_CONVERSION = YES;
				CLANG_WARN_OBJC_ROOT_CLASS = YES_ERROR;
				CLANG_WARN_QUOTED_INCLUDE_IN_FRAMEWORK_HEADER = YES;
				CLANG_WARN_RANGE_LOOP_ANALYSIS = YES;
				CLANG_WARN_STRICT_PROTOTYPES = YES;
				CLANG_WARN_SUSPICIOUS_MOVE = YES;
				CLANG_WARN_UNGUARDED_AVAILABILITY = YES_AGGRESSIVE;
				CLANG_WARN_UNREACHABLE_CODE = YES;
				CLANG_WARN__DUPLICATE_METHOD_MATCH = YES;
				COPY_PHASE_STRIP = NO;
				DEBUG_INFORMATION_FORMAT = "dwarf-with-dsym";
				ENABLE_NS_ASSERTIONS = NO;
				ENABLE_STRICT_OBJC_MSGSEND = YES;
				GCC_C_LANGUAGE_STANDARD = gnu11;
				GCC_NO_COMMON_BLOCKS = YES;
				GCC_WARN_64_TO_32_BIT_CONVERSION = YES;
				GCC_WARN_ABOUT_RETURN_TYPE = YES_ERROR;
				GCC_WARN_UNDECLARED_SELECTOR = YES;
				GCC_WARN_UNINITIALIZED_AUTOS = YES_AGGRESSIVE;
				GCC_WARN_UNUSED_FUNCTION = YES;
				GCC_WARN_UNUSED_VARIABLE = YES;
				IPHONEOS_DEPLOYMENT_TARGET = 15.0;
				MTL_ENABLE_DEBUG_INFO = NO;
				MTL_FAST_MATH = YES;
				SDKROOT = iphoneos;
				SWIFT_COMPILATION_MODE = wholemodule;
				SWIFT_OPTIMIZATION_LEVEL = "-O";
				VALIDATE_PRODUCT = YES;
			};
			name = Release;
		};
		C25F022727317EC3002B7635 /* Debug */ = {
			isa = XCBuildConfiguration;
			baseConfigurationReference = 00F43DC50DCE0BE2EA991BBB /* Pods-Git client.debug.xcconfig */;
			buildSettings = {
				ASSETCATALOG_COMPILER_APPICON_NAME = AppIcon;
				ASSETCATALOG_COMPILER_GLOBAL_ACCENT_COLOR_NAME = AccentColor;
				CODE_SIGN_STYLE = Automatic;
				CURRENT_PROJECT_VERSION = 1;
				DEVELOPMENT_TEAM = 57PDV6YN8M;
				GENERATE_INFOPLIST_FILE = YES;
				INFOPLIST_FILE = "Git client/Info.plist";
				INFOPLIST_KEY_UIApplicationSupportsIndirectInputEvents = YES;
				INFOPLIST_KEY_UILaunchStoryboardName = LaunchScreen;
				INFOPLIST_KEY_UIMainStoryboardFile = Main;
				INFOPLIST_KEY_UISupportedInterfaceOrientations_iPad = "UIInterfaceOrientationPortrait UIInterfaceOrientationPortraitUpsideDown UIInterfaceOrientationLandscapeLeft UIInterfaceOrientationLandscapeRight";
				INFOPLIST_KEY_UISupportedInterfaceOrientations_iPhone = "UIInterfaceOrientationPortrait UIInterfaceOrientationLandscapeLeft UIInterfaceOrientationLandscapeRight";
				LD_RUNPATH_SEARCH_PATHS = (
					"$(inherited)",
					"@executable_path/Frameworks",
				);
				MARKETING_VERSION = 1.0;
				PRODUCT_BUNDLE_IDENTIFIER = "com.ruslanbagautdinov.Git-client";
				PRODUCT_NAME = "$(TARGET_NAME)";
				SWIFT_EMIT_LOC_STRINGS = YES;
				SWIFT_VERSION = 5.0;
				TARGETED_DEVICE_FAMILY = "1,2";
			};
			name = Debug;
		};
		C25F022827317EC3002B7635 /* Release */ = {
			isa = XCBuildConfiguration;
			baseConfigurationReference = 74E28BF888172ACB56A63DC1 /* Pods-Git client.release.xcconfig */;
			buildSettings = {
				ASSETCATALOG_COMPILER_APPICON_NAME = AppIcon;
				ASSETCATALOG_COMPILER_GLOBAL_ACCENT_COLOR_NAME = AccentColor;
				CODE_SIGN_STYLE = Automatic;
				CURRENT_PROJECT_VERSION = 1;
				DEVELOPMENT_TEAM = 57PDV6YN8M;
				GENERATE_INFOPLIST_FILE = YES;
				INFOPLIST_FILE = "Git client/Info.plist";
				INFOPLIST_KEY_UIApplicationSupportsIndirectInputEvents = YES;
				INFOPLIST_KEY_UILaunchStoryboardName = LaunchScreen;
				INFOPLIST_KEY_UIMainStoryboardFile = Main;
				INFOPLIST_KEY_UISupportedInterfaceOrientations_iPad = "UIInterfaceOrientationPortrait UIInterfaceOrientationPortraitUpsideDown UIInterfaceOrientationLandscapeLeft UIInterfaceOrientationLandscapeRight";
				INFOPLIST_KEY_UISupportedInterfaceOrientations_iPhone = "UIInterfaceOrientationPortrait UIInterfaceOrientationLandscapeLeft UIInterfaceOrientationLandscapeRight";
				LD_RUNPATH_SEARCH_PATHS = (
					"$(inherited)",
					"@executable_path/Frameworks",
				);
				MARKETING_VERSION = 1.0;
				PRODUCT_BUNDLE_IDENTIFIER = "com.ruslanbagautdinov.Git-client";
				PRODUCT_NAME = "$(TARGET_NAME)";
				SWIFT_EMIT_LOC_STRINGS = YES;
				SWIFT_VERSION = 5.0;
				TARGETED_DEVICE_FAMILY = "1,2";
			};
			name = Release;
		};
/* End XCBuildConfiguration section */

/* Begin XCConfigurationList section */
		C25F020D27317EC2002B7635 /* Build configuration list for PBXProject "Git client" */ = {
			isa = XCConfigurationList;
			buildConfigurations = (
				C25F022427317EC3002B7635 /* Debug */,
				C25F022527317EC3002B7635 /* Release */,
			);
			defaultConfigurationIsVisible = 0;
			defaultConfigurationName = Release;
		};
		C25F022627317EC3002B7635 /* Build configuration list for PBXNativeTarget "Git client" */ = {
			isa = XCConfigurationList;
			buildConfigurations = (
				C25F022727317EC3002B7635 /* Debug */,
				C25F022827317EC3002B7635 /* Release */,
			);
			defaultConfigurationIsVisible = 0;
			defaultConfigurationName = Release;
		};
/* End XCConfigurationList section */
	};
	rootObject = C25F020A27317EC2002B7635 /* Project object */;
}
